// !$*UTF8*$!
{
	archiveVersion = 1;
	classes = {
	};
	objectVersion = 46;
	objects = {

/* Begin PBXBuildFile section */
		10AD14561CE33C6E00207EA1 /* AppDelegate.swift in Sources */ = {isa = PBXBuildFile; fileRef = 10AD14551CE33C6E00207EA1 /* AppDelegate.swift */; };
		10AD14581CE33C6E00207EA1 /* ViewController.swift in Sources */ = {isa = PBXBuildFile; fileRef = 10AD14571CE33C6E00207EA1 /* ViewController.swift */; };
		10AD145B1CE33C6E00207EA1 /* Main.storyboard in Resources */ = {isa = PBXBuildFile; fileRef = 10AD14591CE33C6E00207EA1 /* Main.storyboard */; };
		10AD145E1CE33C6E00207EA1 /* unwindSegue.xcdatamodeld in Sources */ = {isa = PBXBuildFile; fileRef = 10AD145C1CE33C6E00207EA1 /* unwindSegue.xcdatamodeld */; };
		10AD14601CE33C6E00207EA1 /* Assets.xcassets in Resources */ = {isa = PBXBuildFile; fileRef = 10AD145F1CE33C6E00207EA1 /* Assets.xcassets */; };
		10AD14631CE33C6E00207EA1 /* LaunchScreen.storyboard in Resources */ = {isa = PBXBuildFile; fileRef = 10AD14611CE33C6E00207EA1 /* LaunchScreen.storyboard */; };
		10AD146B1CE33EE900207EA1 /* ScreenOneViewController.swift in Sources */ = {isa = PBXBuildFile; fileRef = 10AD146A1CE33EE900207EA1 /* ScreenOneViewController.swift */; };
		10AD146D1CE3404200207EA1 /* ScreenTwoViewController.swift in Sources */ = {isa = PBXBuildFile; fileRef = 10AD146C1CE3404200207EA1 /* ScreenTwoViewController.swift */; };
/* End PBXBuildFile section */

/* Begin PBXFileReference section */
		10AD14521CE33C6E00207EA1 /* unwindSegue.app */ = {isa = PBXFileReference; explicitFileType = wrapper.application; includeInIndex = 0; path = unwindSegue.app; sourceTree = BUILT_PRODUCTS_DIR; };
		10AD14551CE33C6E00207EA1 /* AppDelegate.swift */ = {isa = PBXFileReference; lastKnownFileType = sourcecode.swift; path = AppDelegate.swift; sourceTree = "<group>"; };
		10AD14571CE33C6E00207EA1 /* ViewController.swift */ = {isa = PBXFileReference; lastKnownFileType = sourcecode.swift; path = ViewController.swift; sourceTree = "<group>"; };
		10AD145A1CE33C6E00207EA1 /* Base */ = {isa = PBXFileReference; lastKnownFileType = file.storyboard; name = Base; path = Base.lproj/Main.storyboard; sourceTree = "<group>"; };
		10AD145D1CE33C6E00207EA1 /* unwindSegue.xcdatamodel */ = {isa = PBXFileReference; lastKnownFileType = wrapper.xcdatamodel; path = unwindSegue.xcdatamodel; sourceTree = "<group>"; };
		10AD145F1CE33C6E00207EA1 /* Assets.xcassets */ = {isa = PBXFileReference; lastKnownFileType = folder.assetcatalog; path = Assets.xcassets; sourceTree = "<group>"; };
		10AD14621CE33C6E00207EA1 /* Base */ = {isa = PBXFileReference; lastKnownFileType = file.storyboard; name = Base; path = Base.lproj/LaunchScreen.storyboard; sourceTree = "<group>"; };
		10AD14641CE33C6E00207EA1 /* Info.plist */ = {isa = PBXFileReference; lastKnownFileType = text.plist.xml; path = Info.plist; sourceTree = "<group>"; };
		10AD146A1CE33EE900207EA1 /* ScreenOneViewController.swift */ = {isa = PBXFileReference; fileEncoding = 4; lastKnownFileType = sourcecode.swift; path = ScreenOneViewController.swift; sourceTree = "<group>"; };
		10AD146C1CE3404200207EA1 /* ScreenTwoViewController.swift */ = {isa = PBXFileReference; fileEncoding = 4; lastKnownFileType = sourcecode.swift; path = ScreenTwoViewController.swift; sourceTree = "<group>"; };
/* End PBXFileReference section */

/* Begin PBXFrameworksBuildPhase section */
		10AD144F1CE33C6E00207EA1 /* Frameworks */ = {
			isa = PBXFrameworksBuildPhase;
			buildActionMask = 2147483647;
			files = (
			);
			runOnlyForDeploymentPostprocessing = 0;
		};
/* End PBXFrameworksBuildPhase section */

/* Begin PBXGroup section */
		10AD14491CE33C6D00207EA1 = {
			isa = PBXGroup;
			children = (
				10AD14541CE33C6E00207EA1 /* unwindSegue */,
				10AD14531CE33C6E00207EA1 /* Products */,
			);
			sourceTree = "<group>";
		};
		10AD14531CE33C6E00207EA1 /* Products */ = {
			isa = PBXGroup;
			children = (
				10AD14521CE33C6E00207EA1 /* unwindSegue.app */,
			);
			name = Products;
			sourceTree = "<group>";
		};
		10AD14541CE33C6E00207EA1 /* unwindSegue */ = {
			isa = PBXGroup;
			children = (
				10AD14551CE33C6E00207EA1 /* AppDelegate.swift */,
				10AD14571CE33C6E00207EA1 /* ViewController.swift */,
				10AD14591CE33C6E00207EA1 /* Main.storyboard */,
				10AD145F1CE33C6E00207EA1 /* Assets.xcassets */,
				10AD14611CE33C6E00207EA1 /* LaunchScreen.storyboard */,
				10AD14641CE33C6E00207EA1 /* Info.plist */,
				10AD145C1CE33C6E00207EA1 /* unwindSegue.xcdatamodeld */,
				10AD146A1CE33EE900207EA1 /* ScreenOneViewController.swift */,
				10AD146C1CE3404200207EA1 /* ScreenTwoViewController.swift */,
			);
			path = unwindSegue;
			sourceTree = "<group>";
		};
/* End PBXGroup section */

/* Begin PBXNativeTarget section */
		10AD14511CE33C6E00207EA1 /* unwindSegue */ = {
			isa = PBXNativeTarget;
			buildConfigurationList = 10AD14671CE33C6E00207EA1 /* Build configuration list for PBXNativeTarget "unwindSegue" */;
			buildPhases = (
				10AD144E1CE33C6E00207EA1 /* Sources */,
				10AD144F1CE33C6E00207EA1 /* Frameworks */,
				10AD14501CE33C6E00207EA1 /* Resources */,
			);
			buildRules = (
			);
			dependencies = (
			);
			name = unwindSegue;
			productName = unwindSegue;
			productReference = 10AD14521CE33C6E00207EA1 /* unwindSegue.app */;
			productType = "com.apple.product-type.application";
		};
/* End PBXNativeTarget section */

/* Begin PBXProject section */
		10AD144A1CE33C6D00207EA1 /* Project object */ = {
			isa = PBXProject;
			attributes = {
				LastSwiftUpdateCheck = 0730;
				LastUpgradeCheck = 0730;
				ORGANIZATIONNAME = manu.oodles;
				TargetAttributes = {
					10AD14511CE33C6E00207EA1 = {
						CreatedOnToolsVersion = 7.3;
					};
				};
			};
			buildConfigurationList = 10AD144D1CE33C6D00207EA1 /* Build configuration list for PBXProject "unwindSegue" */;
			compatibilityVersion = "Xcode 3.2";
			developmentRegion = English;
			hasScannedForEncodings = 0;
			knownRegions = (
				en,
				Base,
			);
			mainGroup = 10AD14491CE33C6D00207EA1;
			productRefGroup = 10AD14531CE33C6E00207EA1 /* Products */;
			projectDirPath = "";
			projectRoot = "";
			targets = (
				10AD14511CE33C6E00207EA1 /* unwindSegue */,
			);
		};
/* End PBXProject section */

/* Begin PBXResourcesBuildPhase section */
		10AD14501CE33C6E00207EA1 /* Resources */ = {
			isa = PBXResourcesBuildPhase;
			buildActionMask = 2147483647;
			files = (
				10AD14631CE33C6E00207EA1 /* LaunchScreen.storyboard in Resources */,
				10AD14601CE33C6E00207EA1 /* Assets.xcassets in Resources */,
				10AD145B1CE33C6E00207EA1 /* Main.storyboard in Resources */,
			);
			runOnlyForDeploymentPostprocessing = 0;
		};
/* End PBXResourcesBuildPhase section */

/* Begin PBXSourcesBuildPhase section */
		10AD144E1CE33C6E00207EA1 /* Sources */ = {
			isa = PBXSourcesBuildPhase;
			buildActionMask = 2147483647;
			files = (
				10AD14581CE33C6E00207EA1 /* ViewController.swift in Sources */,
				10AD146D1CE3404200207EA1 /* ScreenTwoViewController.swift in Sources */,
				10AD146B1CE33EE900207EA1 /* ScreenOneViewController.swift in Sources */,
				10AD145E1CE33C6E00207EA1 /* unwindSegue.xcdatamodeld in Sources */,
				10AD14561CE33C6E00207EA1 /* AppDelegate.swift in Sources */,
			);
			runOnlyForDeploymentPostprocessing = 0;
		};
/* End PBXSourcesBuildPhase section */

/* Begin PBXVariantGroup section */
		10AD14591CE33C6E00207EA1 /* Main.storyboard */ = {
			isa = PBXVariantGroup;
			children = (
				10AD145A1CE33C6E00207EA1 /* Base */,
			);
			name = Main.storyboard;
			sourceTree = "<group>";
		};
		10AD14611CE33C6E00207EA1 /* LaunchScreen.storyboard */ = {
			isa = PBXVariantGroup;
			children = (
				10AD14621CE33C6E00207EA1 /* Base */,
			);
			name = LaunchScreen.storyboard;
			sourceTree = "<group>";
		};
/* End PBXVariantGroup section */

/* Begin XCBuildConfiguration section */
		10AD14651CE33C6E00207EA1 /* Debug */ = {
			isa = XCBuildConfiguration;
			buildSettings = {
				ALWAYS_SEARCH_USER_PATHS = NO;
				CLANG_ANALYZER_NONNULL = YES;
				CLANG_CXX_LANGUAGE_STANDARD = "gnu++0x";
				CLANG_CXX_LIBRARY = "libc++";
				CLANG_ENABLE_MODULES = YES;
				CLANG_ENABLE_OBJC_ARC = YES;
				CLANG_WARN_BOOL_CONVERSION = YES;
				CLANG_WARN_CONSTANT_CONVERSION = YES;
				CLANG_WARN_DIRECT_OBJC_ISA_USAGE = YES_ERROR;
				CLANG_WARN_EMPTY_BODY = YES;
				CLANG_WARN_ENUM_CONVERSION = YES;
				CLANG_WARN_INT_CONVERSION = YES;
				CLANG_WARN_OBJC_ROOT_CLASS = YES_ERROR;
				CLANG_WARN_UNREACHABLE_CODE = YES;
				CLANG_WARN__DUPLICATE_METHOD_MATCH = YES;
				"CODE_SIGN_IDENTITY[sdk=iphoneos*]" = "iPhone Developer";
				COPY_PHASE_STRIP = NO;
				DEBUG_INFORMATION_FORMAT = dwarf;
				ENABLE_STRICT_OBJC_MSGSEND = YES;
				ENABLE_TESTABILITY = YES;
				GCC_C_LANGUAGE_STANDARD = gnu99;
				GCC_DYNAMIC_NO_PIC = NO;
				GCC_NO_COMMON_BLOCKS = YES;
				GCC_OPTIMIZATION_LEVEL = 0;
				GCC_PREPROCESSOR_DEFINITIONS = (
					"DEBUG=1",
					"$(inherited)",
				);
				GCC_WARN_64_TO_32_BIT_CONVERSION = YES;
				GCC_WARN_ABOUT_RETURN_TYPE = YES_ERROR;
				GCC_WARN_UNDECLARED_SELECTOR = YES;
				GCC_WARN_UNINITIALIZED_AUTOS = YES_AGGRESSIVE;
				GCC_WARN_UNUSED_FUNCTION = YES;
				GCC_WARN_UNUSED_VARIABLE = YES;
				IPHONEOS_DEPLOYMENT_TARGET = 9.3;
				MTL_ENABLE_DEBUG_INFO = YES;
				ONLY_ACTIVE_ARCH = YES;
				SDKROOT = iphoneos;
				SWIFT_OPTIMIZATION_LEVEL = "-Onone";
			};
			name = Debug;
		};
		10AD14661CE33C6E00207EA1 /* Release */ = {
			isa = XCBuildConfiguration;
			buildSettings = {
				ALWAYS_SEARCH_USER_PATHS = NO;
				CLANG_ANALYZER_NONNULL = YES;
				CLANG_CXX_LANGUAGE_STANDARD = "gnu++0x";
				CLANG_CXX_LIBRARY = "libc++";
				CLANG_ENABLE_MODULES = YES;
				CLANG_ENABLE_OBJC_ARC = YES;
				CLANG_WARN_BOOL_CONVERSION = YES;
				CLANG_WARN_CONSTANT_CONVERSION = YES;
				CLANG_WARN_DIRECT_OBJC_ISA_USAGE = YES_ERROR;
				CLANG_WARN_EMPTY_BODY = YES;
				CLANG_WARN_ENUM_CONVERSION = YES;
				CLANG_WARN_INT_CONVERSION = YES;
				CLANG_WARN_OBJC_ROOT_CLASS = YES_ERROR;
				CLANG_WARN_UNREACHABLE_CODE = YES;
				CLANG_WARN__DUPLICATE_METHOD_MATCH = YES;
				"CODE_SIGN_IDENTITY[sdk=iphoneos*]" = "iPhone Developer";
				COPY_PHASE_STRIP = NO;
				DEBUG_INFORMATION_FORMAT = "dwarf-with-dsym";
				ENABLE_NS_ASSERTIONS = NO;
				ENABLE_STRICT_OBJC_MSGSEND = YES;
				GCC_C_LANGUAGE_STANDARD = gnu99;
				GCC_NO_COMMON_BLOCKS = YES;
				GCC_WARN_64_TO_32_BIT_CONVERSION = YES;
				GCC_WARN_ABOUT_RETURN_TYPE = YES_ERROR;
				GCC_WARN_UNDECLARED_SELECTOR = YES;
				GCC_WARN_UNINITIALIZED_AUTOS = YES_AGGRESSIVE;
				GCC_WARN_UNUSED_FUNCTION = YES;
				GCC_WARN_UNUSED_VARIABLE = YES;
				IPHONEOS_DEPLOYMENT_TARGET = 9.3;
				MTL_ENABLE_DEBUG_INFO = NO;
				SDKROOT = iphoneos;
				VALIDATE_PRODUCT = YES;
			};
			name = Release;
		};
		10AD14681CE33C6E00207EA1 /* Debug */ = {
			isa = XCBuildConfiguration;
			buildSettings = {
				ASSETCATALOG_COMPILER_APPICON_NAME = AppIcon;
				INFOPLIST_FILE = unwindSegue/Info.plist;
				LD_RUNPATH_SEARCH_PATHS = "$(inherited) @executable_path/Frameworks";
				PRODUCT_BUNDLE_IDENTIFIER = com.unwindSegue;
				PRODUCT_NAME = "$(TARGET_NAME)";
			};
			name = Debug;
		};
		10AD14691CE33C6E00207EA1 /* Release */ = {
			isa = XCBuildConfiguration;
			buildSettings = {
				ASSETCATALOG_COMPILER_APPICON_NAME = AppIcon;
				INFOPLIST_FILE = unwindSegue/Info.plist;
				LD_RUNPATH_SEARCH_PATHS = "$(inherited) @executable_path/Frameworks";
				PRODUCT_BUNDLE_IDENTIFIER = com.unwindSegue;
				PRODUCT_NAME = "$(TARGET_NAME)";
			};
			name = Release;
		};
/* End XCBuildConfiguration section */

/* Begin XCConfigurationList section */
		10AD144D1CE33C6D00207EA1 /* Build configuration list for PBXProject "unwindSegue" */ = {
			isa = XCConfigurationList;
			buildConfigurations = (
				10AD14651CE33C6E00207EA1 /* Debug */,
				10AD14661CE33C6E00207EA1 /* Release */,
			);
			defaultConfigurationIsVisible = 0;
			defaultConfigurationName = Release;
		};
		10AD14671CE33C6E00207EA1 /* Build configuration list for PBXNativeTarget "unwindSegue" */ = {
			isa = XCConfigurationList;
			buildConfigurations = (
				10AD14681CE33C6E00207EA1 /* Debug */,
				10AD14691CE33C6E00207EA1 /* Release */,
			);
			defaultConfigurationIsVisible = 0;
		};
/* End XCConfigurationList section */

/* Begin XCVersionGroup section */
		10AD145C1CE33C6E00207EA1 /* unwindSegue.xcdatamodeld */ = {
			isa = XCVersionGroup;
			children = (
				10AD145D1CE33C6E00207EA1 /* unwindSegue.xcdatamodel */,
			);
			currentVersion = 10AD145D1CE33C6E00207EA1 /* unwindSegue.xcdatamodel */;
			path = unwindSegue.xcdatamodeld;
			sourceTree = "<group>";
			versionGroupType = wrapper.xcdatamodel;
		};
/* End XCVersionGroup section */
	};
	rootObject = 10AD144A1CE33C6D00207EA1 /* Project object */;
}
